[[package]]
name = "discord-py-slash-command"
sections = ["default"]
version = "1.1.2"
summary = "A simple discord slash command handler for discord.py."

[metadata]
lock_version = "2"
content_hash = "sha256:0dc3322c4ab9a5746d901fed033a7f744c7061a051d1d6a6047e174ffec8d6c2"

[metadata.files]
"discord-py-slash-command 1.1.2" = [
    {file = "discord_py_slash_command-1.1.2-py3-none-any.whl", hash = "sha256:c65cf68c25de8b244f50938b9f5d2426a1726380c1103701cd764138a0c73b6b"},
    {file = "discord-py-slash-command-1.1.2.tar.gz", hash = "sha256:ac2c7a83dc33ef253a9a11ab3f6abb085d5399ee85b5a05c5ec06e0b69fc1647"},
]
